
Microsoft Visual Studio Solution File, Format Version 12.00
Project("{FAE04EC0-301F-11D3-BF4B-00C04F79EFBC}") = "BEAUTIFY_QUERY.API", "BEAUTIFY_QUERY.API\BEAUTIFY_QUERY.API.csproj", "{73285577-2142-4FF1-B32D-206AFE6B4761}"
EndProject
Project("{FAE04EC0-301F-11D3-BF4B-00C04F79EFBC}") = "BEAUTIFY_QUERY.APPLICATION", "BEAUTIFY_QUERY.APPLICATION\BEAUTIFY_QUERY.APPLICATION.csproj", "{C88FE0F2-8430-4D88-B6F8-6D70F90122D6}"
EndProject
Project("{FAE04EC0-301F-11D3-BF4B-00C04F79EFBC}") = "BEAUTIFY_QUERY.CONTRACT", "BEAUTIFY_QUERY.CONTRACT\BEAUTIFY_QUERY.CONTRACT.csproj", "{1C69CDFD-1B4F-43BA-89FC-7185299A85BA}"
EndProject
Project("{FAE04EC0-301F-11D3-BF4B-00C04F79EFBC}") = "BEAUTIFY_QUERY.DOMAIN", "BEAUTIFY_QUERY.DOMAIN\BEAUTIFY_QUERY.DOMAIN.csproj", "{9E540554-7B89-4159-BC7B-9ED8E9E73A18}"
EndProject
Project("{FAE04EC0-301F-11D3-BF4B-00C04F79EFBC}") = "BEAUTIFY_QUERY.PERSISTENCE", "BEAUTIFY_QUERY.PERSISTENCE\BEAUTIFY_QUERY.PERSISTENCE.csproj", "{D851B1FD-EEF1-4956-BD6F-BFC0BCE2C93F}"
EndProject
Project("{FAE04EC0-301F-11D3-BF4B-00C04F79EFBC}") = "BEAUTIFY_QUERY.PRESENTATION", "BEAUTIFY_QUERY.PRESENTATION\BEAUTIFY_QUERY.PRESENTATION.csproj", "{BD21FED1-D43D-43FC-8CF5-E3E1C83F9A3A}"
EndProject
Project("{FAE04EC0-301F-11D3-BF4B-00C04F79EFBC}") = "BEAUTIFY_QUERY.INFRASTRUCTURE", "BEAUTIFY_QUERY.INFRASTRUCTURE\BEAUTIFY_QUERY.INFRASTRUCTURE.csproj", "{27F29923-2155-483E-800C-55375A80643F}"
EndProject
Global
	GlobalSection(SolutionConfigurationPlatforms) = preSolution
		Debug|Any CPU = Debug|Any CPU
		Release|Any CPU = Release|Any CPU
	EndGlobalSection
	GlobalSection(ProjectConfigurationPlatforms) = postSolution
		{73285577-2142-4FF1-B32D-206AFE6B4761}.Debug|Any CPU.ActiveCfg = Debug|Any CPU
		{73285577-2142-4FF1-B32D-206AFE6B4761}.Debug|Any CPU.Build.0 = Debug|Any CPU
		{73285577-2142-4FF1-B32D-206AFE6B4761}.Release|Any CPU.ActiveCfg = Release|Any CPU
		{73285577-2142-4FF1-B32D-206AFE6B4761}.Release|Any CPU.Build.0 = Release|Any CPU
		{C88FE0F2-8430-4D88-B6F8-6D70F90122D6}.Debug|Any CPU.ActiveCfg = Debug|Any CPU
		{C88FE0F2-8430-4D88-B6F8-6D70F90122D6}.Debug|Any CPU.Build.0 = Debug|Any CPU
		{C88FE0F2-8430-4D88-B6F8-6D70F90122D6}.Release|Any CPU.ActiveCfg = Release|Any CPU
		{C88FE0F2-8430-4D88-B6F8-6D70F90122D6}.Release|Any CPU.Build.0 = Release|Any CPU
		{1C69CDFD-1B4F-43BA-89FC-7185299A85BA}.Debug|Any CPU.ActiveCfg = Debug|Any CPU
		{1C69CDFD-1B4F-43BA-89FC-7185299A85BA}.Debug|Any CPU.Build.0 = Debug|Any CPU
		{1C69CDFD-1B4F-43BA-89FC-7185299A85BA}.Release|Any CPU.ActiveCfg = Release|Any CPU
		{1C69CDFD-1B4F-43BA-89FC-7185299A85BA}.Release|Any CPU.Build.0 = Release|Any CPU
		{9E540554-7B89-4159-BC7B-9ED8E9E73A18}.Debug|Any CPU.ActiveCfg = Debug|Any CPU
		{9E540554-7B89-4159-BC7B-9ED8E9E73A18}.Debug|Any CPU.Build.0 = Debug|Any CPU
		{9E540554-7B89-4159-BC7B-9ED8E9E73A18}.Release|Any CPU.ActiveCfg = Release|Any CPU
		{9E540554-7B89-4159-BC7B-9ED8E9E73A18}.Release|Any CPU.Build.0 = Release|Any CPU
		{D851B1FD-EEF1-4956-BD6F-BFC0BCE2C93F}.Debug|Any CPU.ActiveCfg = Debug|Any CPU
		{D851B1FD-EEF1-4956-BD6F-BFC0BCE2C93F}.Debug|Any CPU.Build.0 = Debug|Any CPU
		{D851B1FD-EEF1-4956-BD6F-BFC0BCE2C93F}.Release|Any CPU.ActiveCfg = Release|Any CPU
		{D851B1FD-EEF1-4956-BD6F-BFC0BCE2C93F}.Release|Any CPU.Build.0 = Release|Any CPU
		{BD21FED1-D43D-43FC-8CF5-E3E1C83F9A3A}.Debug|Any CPU.ActiveCfg = Debug|Any CPU
		{BD21FED1-D43D-43FC-8CF5-E3E1C83F9A3A}.Debug|Any CPU.Build.0 = Debug|Any CPU
		{BD21FED1-D43D-43FC-8CF5-E3E1C83F9A3A}.Release|Any CPU.ActiveCfg = Release|Any CPU
		{BD21FED1-D43D-43FC-8CF5-E3E1C83F9A3A}.Release|Any CPU.Build.0 = Release|Any CPU
		{27F29923-2155-483E-800C-55375A80643F}.Debug|Any CPU.ActiveCfg = Debug|Any CPU
		{27F29923-2155-483E-800C-55375A80643F}.Debug|Any CPU.Build.0 = Debug|Any CPU
		{27F29923-2155-483E-800C-55375A80643F}.Release|Any CPU.ActiveCfg = Release|Any CPU
		{27F29923-2155-483E-800C-55375A80643F}.Release|Any CPU.Build.0 = Release|Any CPU
	EndGlobalSection
EndGlobal
